// !$*UTF8*$!
{
	archiveVersion = 1;
	classes = {
	};
	objectVersion = 50;
	objects = {

/* Begin PBXBuildFile section */
		0B7CD89F0E7B22F6095A7507 /* Pods_RollyPollyUITests.framework in Frameworks */ = {isa = PBXBuildFile; fileRef = 595A36CC91A5CC36BCDD5E76 /* Pods_RollyPollyUITests.framework */; };
		655E55C222E7CE3A0032F5CA /* DestinationViewController.swift in Sources */ = {isa = PBXBuildFile; fileRef = 655E55C122E7CE3A0032F5CA /* DestinationViewController.swift */; };
		655E55C422E7CEE50032F5CA /* LevelsViewController.swift in Sources */ = {isa = PBXBuildFile; fileRef = 655E55C322E7CEE50032F5CA /* LevelsViewController.swift */; };
		655E55C822E7F82D0032F5CA /* extreme.png in Resources */ = {isa = PBXBuildFile; fileRef = 655E55C722E7F82D0032F5CA /* extreme.png */; };
		6592294D22E6C1A6008B4F14 /* AppDelegate.swift in Sources */ = {isa = PBXBuildFile; fileRef = 6592294C22E6C1A6008B4F14 /* AppDelegate.swift */; };
		6592294F22E6C1A6008B4F14 /* ViewController.swift in Sources */ = {isa = PBXBuildFile; fileRef = 6592294E22E6C1A6008B4F14 /* ViewController.swift */; };
		6592295222E6C1A6008B4F14 /* Main.storyboard in Resources */ = {isa = PBXBuildFile; fileRef = 6592295022E6C1A6008B4F14 /* Main.storyboard */; };
		6592295422E6C1A7008B4F14 /* Assets.xcassets in Resources */ = {isa = PBXBuildFile; fileRef = 6592295322E6C1A7008B4F14 /* Assets.xcassets */; };
		6592295722E6C1A7008B4F14 /* LaunchScreen.storyboard in Resources */ = {isa = PBXBuildFile; fileRef = 6592295522E6C1A7008B4F14 /* LaunchScreen.storyboard */; };
		6592296222E6C1A8008B4F14 /* RollyPollyTests.swift in Sources */ = {isa = PBXBuildFile; fileRef = 6592296122E6C1A8008B4F14 /* RollyPollyTests.swift */; };
		6592296D22E6C1A8008B4F14 /* RollyPollyUITests.swift in Sources */ = {isa = PBXBuildFile; fileRef = 6592296C22E6C1A8008B4F14 /* RollyPollyUITests.swift */; };
		9F0C42ACD9A52398418B4F8A /* Pods_RollyPollyTests.framework in Frameworks */ = {isa = PBXBuildFile; fileRef = 45F58A6A4065AE7957EBE11D /* Pods_RollyPollyTests.framework */; };
		CB19C083D88E89A9CA3C920B /* Pods_RollyPolly.framework in Frameworks */ = {isa = PBXBuildFile; fileRef = BA013DC6EDDDD774ABB62A64 /* Pods_RollyPolly.framework */; };
/* End PBXBuildFile section */

/* Begin PBXContainerItemProxy section */
		6592295E22E6C1A8008B4F14 /* PBXContainerItemProxy */ = {
			isa = PBXContainerItemProxy;
			containerPortal = 6592294122E6C1A6008B4F14 /* Project object */;
			proxyType = 1;
			remoteGlobalIDString = 6592294822E6C1A6008B4F14;
			remoteInfo = RollyPolly;
		};
		6592296922E6C1A8008B4F14 /* PBXContainerItemProxy */ = {
			isa = PBXContainerItemProxy;
			containerPortal = 6592294122E6C1A6008B4F14 /* Project object */;
			proxyType = 1;
			remoteGlobalIDString = 6592294822E6C1A6008B4F14;
			remoteInfo = RollyPolly;
		};
/* End PBXContainerItemProxy section */

/* Begin PBXFileReference section */
		069D5EAF64B7CA816CBDFD6C /* Pods-RollyPolly.release.xcconfig */ = {isa = PBXFileReference; includeInIndex = 1; lastKnownFileType = text.xcconfig; name = "Pods-RollyPolly.release.xcconfig"; path = "Pods/Target Support Files/Pods-RollyPolly/Pods-RollyPolly.release.xcconfig"; sourceTree = "<group>"; };
		090D360C39506DA4EAC07839 /* Pods-RollyPolly.debug.xcconfig */ = {isa = PBXFileReference; includeInIndex = 1; lastKnownFileType = text.xcconfig; name = "Pods-RollyPolly.debug.xcconfig"; path = "Pods/Target Support Files/Pods-RollyPolly/Pods-RollyPolly.debug.xcconfig"; sourceTree = "<group>"; };
		45F58A6A4065AE7957EBE11D /* Pods_RollyPollyTests.framework */ = {isa = PBXFileReference; explicitFileType = wrapper.framework; includeInIndex = 0; path = Pods_RollyPollyTests.framework; sourceTree = BUILT_PRODUCTS_DIR; };
		595A36CC91A5CC36BCDD5E76 /* Pods_RollyPollyUITests.framework */ = {isa = PBXFileReference; explicitFileType = wrapper.framework; includeInIndex = 0; path = Pods_RollyPollyUITests.framework; sourceTree = BUILT_PRODUCTS_DIR; };
		655E55C122E7CE3A0032F5CA /* DestinationViewController.swift */ = {isa = PBXFileReference; lastKnownFileType = sourcecode.swift; path = DestinationViewController.swift; sourceTree = "<group>"; };
		655E55C322E7CEE50032F5CA /* LevelsViewController.swift */ = {isa = PBXFileReference; lastKnownFileType = sourcecode.swift; path = LevelsViewController.swift; sourceTree = "<group>"; };
		655E55C722E7F82D0032F5CA /* extreme.png */ = {isa = PBXFileReference; lastKnownFileType = image.png; name = extreme.png; path = ../../Downloads/extreme.png; sourceTree = "<group>"; };
		6592294922E6C1A6008B4F14 /* RollyPolly.app */ = {isa = PBXFileReference; explicitFileType = wrapper.application; includeInIndex = 0; path = RollyPolly.app; sourceTree = BUILT_PRODUCTS_DIR; };
		6592294C22E6C1A6008B4F14 /* AppDelegate.swift */ = {isa = PBXFileReference; lastKnownFileType = sourcecode.swift; path = AppDelegate.swift; sourceTree = "<group>"; };
		6592294E22E6C1A6008B4F14 /* ViewController.swift */ = {isa = PBXFileReference; lastKnownFileType = sourcecode.swift; path = ViewController.swift; sourceTree = "<group>"; };
		6592295122E6C1A6008B4F14 /* Base */ = {isa = PBXFileReference; lastKnownFileType = file.storyboard; name = Base; path = Base.lproj/Main.storyboard; sourceTree = "<group>"; };
		6592295322E6C1A7008B4F14 /* Assets.xcassets */ = {isa = PBXFileReference; lastKnownFileType = folder.assetcatalog; path = Assets.xcassets; sourceTree = "<group>"; };
		6592295622E6C1A7008B4F14 /* Base */ = {isa = PBXFileReference; lastKnownFileType = file.storyboard; name = Base; path = Base.lproj/LaunchScreen.storyboard; sourceTree = "<group>"; };
		6592295822E6C1A7008B4F14 /* Info.plist */ = {isa = PBXFileReference; lastKnownFileType = text.plist.xml; path = Info.plist; sourceTree = "<group>"; };
		6592295D22E6C1A8008B4F14 /* RollyPollyTests.xctest */ = {isa = PBXFileReference; explicitFileType = wrapper.cfbundle; includeInIndex = 0; path = RollyPollyTests.xctest; sourceTree = BUILT_PRODUCTS_DIR; };
		6592296122E6C1A8008B4F14 /* RollyPollyTests.swift */ = {isa = PBXFileReference; lastKnownFileType = sourcecode.swift; path = RollyPollyTests.swift; sourceTree = "<group>"; };
		6592296322E6C1A8008B4F14 /* Info.plist */ = {isa = PBXFileReference; lastKnownFileType = text.plist.xml; path = Info.plist; sourceTree = "<group>"; };
		6592296822E6C1A8008B4F14 /* RollyPollyUITests.xctest */ = {isa = PBXFileReference; explicitFileType = wrapper.cfbundle; includeInIndex = 0; path = RollyPollyUITests.xctest; sourceTree = BUILT_PRODUCTS_DIR; };
		6592296C22E6C1A8008B4F14 /* RollyPollyUITests.swift */ = {isa = PBXFileReference; lastKnownFileType = sourcecode.swift; path = RollyPollyUITests.swift; sourceTree = "<group>"; };
		6592296E22E6C1A8008B4F14 /* Info.plist */ = {isa = PBXFileReference; lastKnownFileType = text.plist.xml; path = Info.plist; sourceTree = "<group>"; };
		81937921E7C324CFC79B7A9C /* Pods-RollyPollyTests.debug.xcconfig */ = {isa = PBXFileReference; includeInIndex = 1; lastKnownFileType = text.xcconfig; name = "Pods-RollyPollyTests.debug.xcconfig"; path = "Pods/Target Support Files/Pods-RollyPollyTests/Pods-RollyPollyTests.debug.xcconfig"; sourceTree = "<group>"; };
		888092DC6CE9BE91638EEFC9 /* Pods-RollyPollyUITests.debug.xcconfig */ = {isa = PBXFileReference; includeInIndex = 1; lastKnownFileType = text.xcconfig; name = "Pods-RollyPollyUITests.debug.xcconfig"; path = "Pods/Target Support Files/Pods-RollyPollyUITests/Pods-RollyPollyUITests.debug.xcconfig"; sourceTree = "<group>"; };
		9BC4D16867A99D87D62C6ABB /* Pods-RollyPollyUITests.release.xcconfig */ = {isa = PBXFileReference; includeInIndex = 1; lastKnownFileType = text.xcconfig; name = "Pods-RollyPollyUITests.release.xcconfig"; path = "Pods/Target Support Files/Pods-RollyPollyUITests/Pods-RollyPollyUITests.release.xcconfig"; sourceTree = "<group>"; };
		ABCED1A4E789365F4D5130A8 /* Pods-RollyPollyTests.release.xcconfig */ = {isa = PBXFileReference; includeInIndex = 1; lastKnownFileType = text.xcconfig; name = "Pods-RollyPollyTests.release.xcconfig"; path = "Pods/Target Support Files/Pods-RollyPollyTests/Pods-RollyPollyTests.release.xcconfig"; sourceTree = "<group>"; };
		BA013DC6EDDDD774ABB62A64 /* Pods_RollyPolly.framework */ = {isa = PBXFileReference; explicitFileType = wrapper.framework; includeInIndex = 0; path = Pods_RollyPolly.framework; sourceTree = BUILT_PRODUCTS_DIR; };
/* End PBXFileReference section */

/* Begin PBXFrameworksBuildPhase section */
		6592294622E6C1A6008B4F14 /* Frameworks */ = {
			isa = PBXFrameworksBuildPhase;
			buildActionMask = 2147483647;
			files = (
				CB19C083D88E89A9CA3C920B /* Pods_RollyPolly.framework in Frameworks */,
			);
			runOnlyForDeploymentPostprocessing = 0;
		};
		6592295A22E6C1A8008B4F14 /* Frameworks */ = {
			isa = PBXFrameworksBuildPhase;
			buildActionMask = 2147483647;
			files = (
				9F0C42ACD9A52398418B4F8A /* Pods_RollyPollyTests.framework in Frameworks */,
			);
			runOnlyForDeploymentPostprocessing = 0;
		};
		6592296522E6C1A8008B4F14 /* Frameworks */ = {
			isa = PBXFrameworksBuildPhase;
			buildActionMask = 2147483647;
			files = (
				0B7CD89F0E7B22F6095A7507 /* Pods_RollyPollyUITests.framework in Frameworks */,
			);
			runOnlyForDeploymentPostprocessing = 0;
		};
/* End PBXFrameworksBuildPhase section */

/* Begin PBXGroup section */
		5953456865F7FF7663F3C12E /* Frameworks */ = {
			isa = PBXGroup;
			children = (
				BA013DC6EDDDD774ABB62A64 /* Pods_RollyPolly.framework */,
				45F58A6A4065AE7957EBE11D /* Pods_RollyPollyTests.framework */,
				595A36CC91A5CC36BCDD5E76 /* Pods_RollyPollyUITests.framework */,
			);
			name = Frameworks;
			sourceTree = "<group>";
		};
		6592294022E6C1A6008B4F14 = {
			isa = PBXGroup;
			children = (
				6592294B22E6C1A6008B4F14 /* RollyPolly */,
				6592296022E6C1A8008B4F14 /* RollyPollyTests */,
				6592296B22E6C1A8008B4F14 /* RollyPollyUITests */,
				6592294A22E6C1A6008B4F14 /* Products */,
				A6B36832AF43B7C1A3E54B26 /* Pods */,
				5953456865F7FF7663F3C12E /* Frameworks */,
			);
			sourceTree = "<group>";
		};
		6592294A22E6C1A6008B4F14 /* Products */ = {
			isa = PBXGroup;
			children = (
				6592294922E6C1A6008B4F14 /* RollyPolly.app */,
				6592295D22E6C1A8008B4F14 /* RollyPollyTests.xctest */,
				6592296822E6C1A8008B4F14 /* RollyPollyUITests.xctest */,
			);
			name = Products;
			sourceTree = "<group>";
		};
		6592294B22E6C1A6008B4F14 /* RollyPolly */ = {
			isa = PBXGroup;
			children = (
				655E55C722E7F82D0032F5CA /* extreme.png */,
				6592294C22E6C1A6008B4F14 /* AppDelegate.swift */,
				6592294E22E6C1A6008B4F14 /* ViewController.swift */,
				6592295022E6C1A6008B4F14 /* Main.storyboard */,
				6592295322E6C1A7008B4F14 /* Assets.xcassets */,
				6592295522E6C1A7008B4F14 /* LaunchScreen.storyboard */,
				6592295822E6C1A7008B4F14 /* Info.plist */,
				655E55C122E7CE3A0032F5CA /* DestinationViewController.swift */,
				655E55C322E7CEE50032F5CA /* LevelsViewController.swift */,
			);
			path = RollyPolly;
			sourceTree = "<group>";
		};
		6592296022E6C1A8008B4F14 /* RollyPollyTests */ = {
			isa = PBXGroup;
			children = (
				6592296122E6C1A8008B4F14 /* RollyPollyTests.swift */,
				6592296322E6C1A8008B4F14 /* Info.plist */,
			);
			path = RollyPollyTests;
			sourceTree = "<group>";
		};
		6592296B22E6C1A8008B4F14 /* RollyPollyUITests */ = {
			isa = PBXGroup;
			children = (
				6592296C22E6C1A8008B4F14 /* RollyPollyUITests.swift */,
				6592296E22E6C1A8008B4F14 /* Info.plist */,
			);
			path = RollyPollyUITests;
			sourceTree = "<group>";
		};
		A6B36832AF43B7C1A3E54B26 /* Pods */ = {
			isa = PBXGroup;
			children = (
				090D360C39506DA4EAC07839 /* Pods-RollyPolly.debug.xcconfig */,
				069D5EAF64B7CA816CBDFD6C /* Pods-RollyPolly.release.xcconfig */,
				81937921E7C324CFC79B7A9C /* Pods-RollyPollyTests.debug.xcconfig */,
				ABCED1A4E789365F4D5130A8 /* Pods-RollyPollyTests.release.xcconfig */,
				888092DC6CE9BE91638EEFC9 /* Pods-RollyPollyUITests.debug.xcconfig */,
				9BC4D16867A99D87D62C6ABB /* Pods-RollyPollyUITests.release.xcconfig */,
			);
			name = Pods;
			sourceTree = "<group>";
		};
/* End PBXGroup section */

/* Begin PBXNativeTarget section */
		6592294822E6C1A6008B4F14 /* RollyPolly */ = {
			isa = PBXNativeTarget;
			buildConfigurationList = 6592297122E6C1A8008B4F14 /* Build configuration list for PBXNativeTarget "RollyPolly" */;
			buildPhases = (
				60880B7636BC5058AFEFCFBD /* [CP] Check Pods Manifest.lock */,
				6592294522E6C1A6008B4F14 /* Sources */,
				6592294622E6C1A6008B4F14 /* Frameworks */,
				6592294722E6C1A6008B4F14 /* Resources */,
				9E74325462DAE3634541F690 /* [CP] Embed Pods Frameworks */,
			);
			buildRules = (
			);
			dependencies = (
			);
			name = RollyPolly;
			productName = RollyPolly;
			productReference = 6592294922E6C1A6008B4F14 /* RollyPolly.app */;
			productType = "com.apple.product-type.application";
		};
		6592295C22E6C1A8008B4F14 /* RollyPollyTests */ = {
			isa = PBXNativeTarget;
			buildConfigurationList = 6592297422E6C1A8008B4F14 /* Build configuration list for PBXNativeTarget "RollyPollyTests" */;
			buildPhases = (
				9634BBD9D58271E4526B3289 /* [CP] Check Pods Manifest.lock */,
				6592295922E6C1A8008B4F14 /* Sources */,
				6592295A22E6C1A8008B4F14 /* Frameworks */,
				6592295B22E6C1A8008B4F14 /* Resources */,
			);
			buildRules = (
			);
			dependencies = (
				6592295F22E6C1A8008B4F14 /* PBXTargetDependency */,
			);
			name = RollyPollyTests;
			productName = RollyPollyTests;
			productReference = 6592295D22E6C1A8008B4F14 /* RollyPollyTests.xctest */;
			productType = "com.apple.product-type.bundle.unit-test";
		};
		6592296722E6C1A8008B4F14 /* RollyPollyUITests */ = {
			isa = PBXNativeTarget;
			buildConfigurationList = 6592297722E6C1A8008B4F14 /* Build configuration list for PBXNativeTarget "RollyPollyUITests" */;
			buildPhases = (
				F0202F24A963A8BB0FC4AE9B /* [CP] Check Pods Manifest.lock */,
				6592296422E6C1A8008B4F14 /* Sources */,
				6592296522E6C1A8008B4F14 /* Frameworks */,
				6592296622E6C1A8008B4F14 /* Resources */,
			);
			buildRules = (
			);
			dependencies = (
				6592296A22E6C1A8008B4F14 /* PBXTargetDependency */,
			);
			name = RollyPollyUITests;
			productName = RollyPollyUITests;
			productReference = 6592296822E6C1A8008B4F14 /* RollyPollyUITests.xctest */;
			productType = "com.apple.product-type.bundle.ui-testing";
		};
/* End PBXNativeTarget section */

/* Begin PBXProject section */
		6592294122E6C1A6008B4F14 /* Project object */ = {
			isa = PBXProject;
			attributes = {
				LastSwiftUpdateCheck = 1010;
				LastUpgradeCheck = 1010;
				ORGANIZATIONNAME = "Daniel Miller";
				TargetAttributes = {
					6592294822E6C1A6008B4F14 = {
						CreatedOnToolsVersion = 10.1;
					};
					6592295C22E6C1A8008B4F14 = {
						CreatedOnToolsVersion = 10.1;
						TestTargetID = 6592294822E6C1A6008B4F14;
					};
					6592296722E6C1A8008B4F14 = {
						CreatedOnToolsVersion = 10.1;
						TestTargetID = 6592294822E6C1A6008B4F14;
					};
				};
			};
			buildConfigurationList = 6592294422E6C1A6008B4F14 /* Build configuration list for PBXProject "RollyPolly" */;
			compatibilityVersion = "Xcode 9.3";
			developmentRegion = en;
			hasScannedForEncodings = 0;
			knownRegions = (
				en,
				Base,
			);
			mainGroup = 6592294022E6C1A6008B4F14;
			productRefGroup = 6592294A22E6C1A6008B4F14 /* Products */;
			projectDirPath = "";
			projectRoot = "";
			targets = (
				6592294822E6C1A6008B4F14 /* RollyPolly */,
				6592295C22E6C1A8008B4F14 /* RollyPollyTests */,
				6592296722E6C1A8008B4F14 /* RollyPollyUITests */,
			);
		};
/* End PBXProject section */

/* Begin PBXResourcesBuildPhase section */
		6592294722E6C1A6008B4F14 /* Resources */ = {
			isa = PBXResourcesBuildPhase;
			buildActionMask = 2147483647;
			files = (
				655E55C822E7F82D0032F5CA /* extreme.png in Resources */,
				6592295722E6C1A7008B4F14 /* LaunchScreen.storyboard in Resources */,
				6592295422E6C1A7008B4F14 /* Assets.xcassets in Resources */,
				6592295222E6C1A6008B4F14 /* Main.storyboard in Resources */,
			);
			runOnlyForDeploymentPostprocessing = 0;
		};
		6592295B22E6C1A8008B4F14 /* Resources */ = {
			isa = PBXResourcesBuildPhase;
			buildActionMask = 2147483647;
			files = (
			);
			runOnlyForDeploymentPostprocessing = 0;
		};
		6592296622E6C1A8008B4F14 /* Resources */ = {
			isa = PBXResourcesBuildPhase;
			buildActionMask = 2147483647;
			files = (
			);
			runOnlyForDeploymentPostprocessing = 0;
		};
/* End PBXResourcesBuildPhase section */

/* Begin PBXShellScriptBuildPhase section */
		60880B7636BC5058AFEFCFBD /* [CP] Check Pods Manifest.lock */ = {
			isa = PBXShellScriptBuildPhase;
			buildActionMask = 2147483647;
			files = (
			);
			inputFileListPaths = (
			);
			inputPaths = (
				"${PODS_PODFILE_DIR_PATH}/Podfile.lock",
				"${PODS_ROOT}/Manifest.lock",
			);
			name = "[CP] Check Pods Manifest.lock";
			outputFileListPaths = (
			);
			outputPaths = (
				"$(DERIVED_FILE_DIR)/Pods-RollyPolly-checkManifestLockResult.txt",
			);
			runOnlyForDeploymentPostprocessing = 0;
			shellPath = /bin/sh;
			shellScript = "diff \"${PODS_PODFILE_DIR_PATH}/Podfile.lock\" \"${PODS_ROOT}/Manifest.lock\" > /dev/null\nif [ $? != 0 ] ; then\n    # print error to STDERR\n    echo \"error: The sandbox is not in sync with the Podfile.lock. Run 'pod install' or update your CocoaPods installation.\" >&2\n    exit 1\nfi\n# This output is used by Xcode 'outputs' to avoid re-running this script phase.\necho \"SUCCESS\" > \"${SCRIPT_OUTPUT_FILE_0}\"\n";
			showEnvVarsInLog = 0;
		};
		9634BBD9D58271E4526B3289 /* [CP] Check Pods Manifest.lock */ = {
			isa = PBXShellScriptBuildPhase;
			buildActionMask = 2147483647;
			files = (
			);
			inputFileListPaths = (
			);
			inputPaths = (
				"${PODS_PODFILE_DIR_PATH}/Podfile.lock",
				"${PODS_ROOT}/Manifest.lock",
			);
			name = "[CP] Check Pods Manifest.lock";
			outputFileListPaths = (
			);
			outputPaths = (
				"$(DERIVED_FILE_DIR)/Pods-RollyPollyTests-checkManifestLockResult.txt",
			);
			runOnlyForDeploymentPostprocessing = 0;
			shellPath = /bin/sh;
			shellScript = "diff \"${PODS_PODFILE_DIR_PATH}/Podfile.lock\" \"${PODS_ROOT}/Manifest.lock\" > /dev/null\nif [ $? != 0 ] ; then\n    # print error to STDERR\n    echo \"error: The sandbox is not in sync with the Podfile.lock. Run 'pod install' or update your CocoaPods installation.\" >&2\n    exit 1\nfi\n# This output is used by Xcode 'outputs' to avoid re-running this script phase.\necho \"SUCCESS\" > \"${SCRIPT_OUTPUT_FILE_0}\"\n";
			showEnvVarsInLog = 0;
		};
		9E74325462DAE3634541F690 /* [CP] Embed Pods Frameworks */ = {
			isa = PBXShellScriptBuildPhase;
			buildActionMask = 2147483647;
			files = (
			);
			inputFileListPaths = (
			);
			inputPaths = (
				"${SRCROOT}/Pods/Target Support Files/Pods-RollyPolly/Pods-RollyPolly-frameworks.sh",
				"${PODS_ROOT}/Mapbox-iOS-SDK/dynamic/Mapbox.framework",
				"${PODS_ROOT}/Mapbox-iOS-SDK/dynamic/Mapbox.framework.dSYM",
				"${BUILT_PRODUCTS_DIR}/MapboxCoreNavigation/MapboxCoreNavigation.framework",
				"${BUILT_PRODUCTS_DIR}/MapboxDirections.swift/MapboxDirections.framework",
				"${BUILT_PRODUCTS_DIR}/MapboxMobileEvents/MapboxMobileEvents.framework",
				"${BUILT_PRODUCTS_DIR}/MapboxNavigation/MapboxNavigation.framework",
				"${PODS_ROOT}/MapboxNavigationNative/MapboxNavigationNative.framework",
				"${PODS_ROOT}/MapboxNavigationNative/MapboxNavigationNative.framework.dSYM",
				"${BUILT_PRODUCTS_DIR}/MapboxSpeech/MapboxSpeech.framework",
				"${BUILT_PRODUCTS_DIR}/Polyline/Polyline.framework",
				"${BUILT_PRODUCTS_DIR}/Solar/Solar.framework",
				"${BUILT_PRODUCTS_DIR}/Turf/Turf.framework",
			);
			name = "[CP] Embed Pods Frameworks";
			outputFileListPaths = (
			);
			outputPaths = (
				"${TARGET_BUILD_DIR}/${FRAMEWORKS_FOLDER_PATH}/Mapbox.framework",
				"${DWARF_DSYM_FOLDER_PATH}/Mapbox.framework.dSYM",
				"${TARGET_BUILD_DIR}/${FRAMEWORKS_FOLDER_PATH}/MapboxCoreNavigation.framework",
				"${TARGET_BUILD_DIR}/${FRAMEWORKS_FOLDER_PATH}/MapboxDirections.framework",
				"${TARGET_BUILD_DIR}/${FRAMEWORKS_FOLDER_PATH}/MapboxMobileEvents.framework",
				"${TARGET_BUILD_DIR}/${FRAMEWORKS_FOLDER_PATH}/MapboxNavigation.framework",
				"${TARGET_BUILD_DIR}/${FRAMEWORKS_FOLDER_PATH}/MapboxNavigationNative.framework",
				"${DWARF_DSYM_FOLDER_PATH}/MapboxNavigationNative.framework.dSYM",
				"${TARGET_BUILD_DIR}/${FRAMEWORKS_FOLDER_PATH}/MapboxSpeech.framework",
				"${TARGET_BUILD_DIR}/${FRAMEWORKS_FOLDER_PATH}/Polyline.framework",
				"${TARGET_BUILD_DIR}/${FRAMEWORKS_FOLDER_PATH}/Solar.framework",
				"${TARGET_BUILD_DIR}/${FRAMEWORKS_FOLDER_PATH}/Turf.framework",
			);
			runOnlyForDeploymentPostprocessing = 0;
			shellPath = /bin/sh;
			shellScript = "\"${SRCROOT}/Pods/Target Support Files/Pods-RollyPolly/Pods-RollyPolly-frameworks.sh\"\n";
			showEnvVarsInLog = 0;
		};
		F0202F24A963A8BB0FC4AE9B /* [CP] Check Pods Manifest.lock */ = {
			isa = PBXShellScriptBuildPhase;
			buildActionMask = 2147483647;
			files = (
			);
			inputFileListPaths = (
			);
			inputPaths = (
				"${PODS_PODFILE_DIR_PATH}/Podfile.lock",
				"${PODS_ROOT}/Manifest.lock",
			);
			name = "[CP] Check Pods Manifest.lock";
			outputFileListPaths = (
			);
			outputPaths = (
				"$(DERIVED_FILE_DIR)/Pods-RollyPollyUITests-checkManifestLockResult.txt",
			);
			runOnlyForDeploymentPostprocessing = 0;
			shellPath = /bin/sh;
			shellScript = "diff \"${PODS_PODFILE_DIR_PATH}/Podfile.lock\" \"${PODS_ROOT}/Manifest.lock\" > /dev/null\nif [ $? != 0 ] ; then\n    # print error to STDERR\n    echo \"error: The sandbox is not in sync with the Podfile.lock. Run 'pod install' or update your CocoaPods installation.\" >&2\n    exit 1\nfi\n# This output is used by Xcode 'outputs' to avoid re-running this script phase.\necho \"SUCCESS\" > \"${SCRIPT_OUTPUT_FILE_0}\"\n";
			showEnvVarsInLog = 0;
		};
/* End PBXShellScriptBuildPhase section */

/* Begin PBXSourcesBuildPhase section */
		6592294522E6C1A6008B4F14 /* Sources */ = {
			isa = PBXSourcesBuildPhase;
			buildActionMask = 2147483647;
			files = (
				6592294F22E6C1A6008B4F14 /* ViewController.swift in Sources */,
				655E55C222E7CE3A0032F5CA /* DestinationViewController.swift in Sources */,
				6592294D22E6C1A6008B4F14 /* AppDelegate.swift in Sources */,
				655E55C422E7CEE50032F5CA /* LevelsViewController.swift in Sources */,
			);
			runOnlyForDeploymentPostprocessing = 0;
		};
		6592295922E6C1A8008B4F14 /* Sources */ = {
			isa = PBXSourcesBuildPhase;
			buildActionMask = 2147483647;
			files = (
				6592296222E6C1A8008B4F14 /* RollyPollyTests.swift in Sources */,
			);
			runOnlyForDeploymentPostprocessing = 0;
		};
		6592296422E6C1A8008B4F14 /* Sources */ = {
			isa = PBXSourcesBuildPhase;
			buildActionMask = 2147483647;
			files = (
				6592296D22E6C1A8008B4F14 /* RollyPollyUITests.swift in Sources */,
			);
			runOnlyForDeploymentPostprocessing = 0;
		};
/* End PBXSourcesBuildPhase section */

/* Begin PBXTargetDependency section */
		6592295F22E6C1A8008B4F14 /* PBXTargetDependency */ = {
			isa = PBXTargetDependency;
			target = 6592294822E6C1A6008B4F14 /* RollyPolly */;
			targetProxy = 6592295E22E6C1A8008B4F14 /* PBXContainerItemProxy */;
		};
		6592296A22E6C1A8008B4F14 /* PBXTargetDependency */ = {
			isa = PBXTargetDependency;
			target = 6592294822E6C1A6008B4F14 /* RollyPolly */;
			targetProxy = 6592296922E6C1A8008B4F14 /* PBXContainerItemProxy */;
		};
/* End PBXTargetDependency section */

/* Begin PBXVariantGroup section */
		6592295022E6C1A6008B4F14 /* Main.storyboard */ = {
			isa = PBXVariantGroup;
			children = (
				6592295122E6C1A6008B4F14 /* Base */,
			);
			name = Main.storyboard;
			sourceTree = "<group>";
		};
		6592295522E6C1A7008B4F14 /* LaunchScreen.storyboard */ = {
			isa = PBXVariantGroup;
			children = (
				6592295622E6C1A7008B4F14 /* Base */,
			);
			name = LaunchScreen.storyboard;
			sourceTree = "<group>";
		};
/* End PBXVariantGroup section */

/* Begin XCBuildConfiguration section */
		6592296F22E6C1A8008B4F14 /* Debug */ = {
			isa = XCBuildConfiguration;
			buildSettings = {
				ALWAYS_SEARCH_USER_PATHS = NO;
				CLANG_ANALYZER_NONNULL = YES;
				CLANG_ANALYZER_NUMBER_OBJECT_CONVERSION = YES_AGGRESSIVE;
				CLANG_CXX_LANGUAGE_STANDARD = "gnu++14";
				CLANG_CXX_LIBRARY = "libc++";
				CLANG_ENABLE_MODULES = YES;
				CLANG_ENABLE_OBJC_ARC = YES;
				CLANG_ENABLE_OBJC_WEAK = YES;
				CLANG_WARN_BLOCK_CAPTURE_AUTORELEASING = YES;
				CLANG_WARN_BOOL_CONVERSION = YES;
				CLANG_WARN_COMMA = YES;
				CLANG_WARN_CONSTANT_CONVERSION = YES;
				CLANG_WARN_DEPRECATED_OBJC_IMPLEMENTATIONS = YES;
				CLANG_WARN_DIRECT_OBJC_ISA_USAGE = YES_ERROR;
				CLANG_WARN_DOCUMENTATION_COMMENTS = YES;
				CLANG_WARN_EMPTY_BODY = YES;
				CLANG_WARN_ENUM_CONVERSION = YES;
				CLANG_WARN_INFINITE_RECURSION = YES;
				CLANG_WARN_INT_CONVERSION = YES;
				CLANG_WARN_NON_LITERAL_NULL_CONVERSION = YES;
				CLANG_WARN_OBJC_IMPLICIT_RETAIN_SELF = YES;
				CLANG_WARN_OBJC_LITERAL_CONVERSION = YES;
				CLANG_WARN_OBJC_ROOT_CLASS = YES_ERROR;
				CLANG_WARN_RANGE_LOOP_ANALYSIS = YES;
				CLANG_WARN_STRICT_PROTOTYPES = YES;
				CLANG_WARN_SUSPICIOUS_MOVE = YES;
				CLANG_WARN_UNGUARDED_AVAILABILITY = YES_AGGRESSIVE;
				CLANG_WARN_UNREACHABLE_CODE = YES;
				CLANG_WARN__DUPLICATE_METHOD_MATCH = YES;
				CODE_SIGN_IDENTITY = "iPhone Developer";
				COPY_PHASE_STRIP = NO;
				DEBUG_INFORMATION_FORMAT = dwarf;
				ENABLE_STRICT_OBJC_MSGSEND = YES;
				ENABLE_TESTABILITY = YES;
				GCC_C_LANGUAGE_STANDARD = gnu11;
				GCC_DYNAMIC_NO_PIC = NO;
				GCC_NO_COMMON_BLOCKS = YES;
				GCC_OPTIMIZATION_LEVEL = 0;
				GCC_PREPROCESSOR_DEFINITIONS = (
					"DEBUG=1",
					"$(inherited)",
				);
				GCC_WARN_64_TO_32_BIT_CONVERSION = YES;
				GCC_WARN_ABOUT_RETURN_TYPE = YES_ERROR;
				GCC_WARN_UNDECLARED_SELECTOR = YES;
				GCC_WARN_UNINITIALIZED_AUTOS = YES_AGGRESSIVE;
				GCC_WARN_UNUSED_FUNCTION = YES;
				GCC_WARN_UNUSED_VARIABLE = YES;
				IPHONEOS_DEPLOYMENT_TARGET = 12.1;
				MTL_ENABLE_DEBUG_INFO = INCLUDE_SOURCE;
				MTL_FAST_MATH = YES;
				ONLY_ACTIVE_ARCH = YES;
				SDKROOT = iphoneos;
				SWIFT_ACTIVE_COMPILATION_CONDITIONS = DEBUG;
				SWIFT_OPTIMIZATION_LEVEL = "-Onone";
			};
			name = Debug;
		};
		6592297022E6C1A8008B4F14 /* Release */ = {
			isa = XCBuildConfiguration;
			buildSettings = {
				ALWAYS_SEARCH_USER_PATHS = NO;
				CLANG_ANALYZER_NONNULL = YES;
				CLANG_ANALYZER_NUMBER_OBJECT_CONVERSION = YES_AGGRESSIVE;
				CLANG_CXX_LANGUAGE_STANDARD = "gnu++14";
				CLANG_CXX_LIBRARY = "libc++";
				CLANG_ENABLE_MODULES = YES;
				CLANG_ENABLE_OBJC_ARC = YES;
				CLANG_ENABLE_OBJC_WEAK = YES;
				CLANG_WARN_BLOCK_CAPTURE_AUTORELEASING = YES;
				CLANG_WARN_BOOL_CONVERSION = YES;
				CLANG_WARN_COMMA = YES;
				CLANG_WARN_CONSTANT_CONVERSION = YES;
				CLANG_WARN_DEPRECATED_OBJC_IMPLEMENTATIONS = YES;
				CLANG_WARN_DIRECT_OBJC_ISA_USAGE = YES_ERROR;
				CLANG_WARN_DOCUMENTATION_COMMENTS = YES;
				CLANG_WARN_EMPTY_BODY = YES;
				CLANG_WARN_ENUM_CONVERSION = YES;
				CLANG_WARN_INFINITE_RECURSION = YES;
				CLANG_WARN_INT_CONVERSION = YES;
				CLANG_WARN_NON_LITERAL_NULL_CONVERSION = YES;
				CLANG_WARN_OBJC_IMPLICIT_RETAIN_SELF = YES;
				CLANG_WARN_OBJC_LITERAL_CONVERSION = YES;
				CLANG_WARN_OBJC_ROOT_CLASS = YES_ERROR;
				CLANG_WARN_RANGE_LOOP_ANALYSIS = YES;
				CLANG_WARN_STRICT_PROTOTYPES = YES;
				CLANG_WARN_SUSPICIOUS_MOVE = YES;
				CLANG_WARN_UNGUARDED_AVAILABILITY = YES_AGGRESSIVE;
				CLANG_WARN_UNREACHABLE_CODE = YES;
				CLANG_WARN__DUPLICATE_METHOD_MATCH = YES;
				CODE_SIGN_IDENTITY = "iPhone Developer";
				COPY_PHASE_STRIP = NO;
				DEBUG_INFORMATION_FORMAT = "dwarf-with-dsym";
				ENABLE_NS_ASSERTIONS = NO;
				ENABLE_STRICT_OBJC_MSGSEND = YES;
				GCC_C_LANGUAGE_STANDARD = gnu11;
				GCC_NO_COMMON_BLOCKS = YES;
				GCC_WARN_64_TO_32_BIT_CONVERSION = YES;
				GCC_WARN_ABOUT_RETURN_TYPE = YES_ERROR;
				GCC_WARN_UNDECLARED_SELECTOR = YES;
				GCC_WARN_UNINITIALIZED_AUTOS = YES_AGGRESSIVE;
				GCC_WARN_UNUSED_FUNCTION = YES;
				GCC_WARN_UNUSED_VARIABLE = YES;
				IPHONEOS_DEPLOYMENT_TARGET = 12.1;
				MTL_ENABLE_DEBUG_INFO = NO;
				MTL_FAST_MATH = YES;
				SDKROOT = iphoneos;
				SWIFT_COMPILATION_MODE = wholemodule;
				SWIFT_OPTIMIZATION_LEVEL = "-O";
				VALIDATE_PRODUCT = YES;
			};
			name = Release;
		};
		6592297222E6C1A8008B4F14 /* Debug */ = {
			isa = XCBuildConfiguration;
			baseConfigurationReference = 090D360C39506DA4EAC07839 /* Pods-RollyPolly.debug.xcconfig */;
			buildSettings = {
				ASSETCATALOG_COMPILER_APPICON_NAME = AppIcon;
				CODE_SIGN_STYLE = Automatic;
				INFOPLIST_FILE = RollyPolly/Info.plist;
				LD_RUNPATH_SEARCH_PATHS = (
					"$(inherited)",
					"@executable_path/Frameworks",
				);
				PRODUCT_BUNDLE_IDENTIFIER = com.danielmiller.RollyPolly;
				PRODUCT_NAME = "$(TARGET_NAME)";
				SWIFT_VERSION = 4.2;
				TARGETED_DEVICE_FAMILY = "1,2";
			};
			name = Debug;
		};
		6592297322E6C1A8008B4F14 /* Release */ = {
			isa = XCBuildConfiguration;
			baseConfigurationReference = 069D5EAF64B7CA816CBDFD6C /* Pods-RollyPolly.release.xcconfig */;
			buildSettings = {
				ASSETCATALOG_COMPILER_APPICON_NAME = AppIcon;
				CODE_SIGN_STYLE = Automatic;
				INFOPLIST_FILE = RollyPolly/Info.plist;
				LD_RUNPATH_SEARCH_PATHS = (
					"$(inherited)",
					"@executable_path/Frameworks",
				);
				PRODUCT_BUNDLE_IDENTIFIER = com.danielmiller.RollyPolly;
				PRODUCT_NAME = "$(TARGET_NAME)";
				SWIFT_VERSION = 4.2;
				TARGETED_DEVICE_FAMILY = "1,2";
			};
			name = Release;
		};
		6592297522E6C1A8008B4F14 /* Debug */ = {
			isa = XCBuildConfiguration;
			baseConfigurationReference = 81937921E7C324CFC79B7A9C /* Pods-RollyPollyTests.debug.xcconfig */;
			buildSettings = {
				ALWAYS_EMBED_SWIFT_STANDARD_LIBRARIES = YES;
				BUNDLE_LOADER = "$(TEST_HOST)";
				CODE_SIGN_STYLE = Automatic;
				INFOPLIST_FILE = RollyPollyTests/Info.plist;
				LD_RUNPATH_SEARCH_PATHS = (
					"$(inherited)",
					"@executable_path/Frameworks",
					"@loader_path/Frameworks",
				);
				PRODUCT_BUNDLE_IDENTIFIER = com.danielmiller.RollyPollyTests;
				PRODUCT_NAME = "$(TARGET_NAME)";
				SWIFT_VERSION = 4.2;
				TARGETED_DEVICE_FAMILY = "1,2";
				TEST_HOST = "$(BUILT_PRODUCTS_DIR)/RollyPolly.app/RollyPolly";
			};
			name = Debug;
		};
		6592297622E6C1A8008B4F14 /* Release */ = {
			isa = XCBuildConfiguration;
			baseConfigurationReference = ABCED1A4E789365F4D5130A8 /* Pods-RollyPollyTests.release.xcconfig */;
			buildSettings = {
				ALWAYS_EMBED_SWIFT_STANDARD_LIBRARIES = YES;
				BUNDLE_LOADER = "$(TEST_HOST)";
				CODE_SIGN_STYLE = Automatic;
				INFOPLIST_FILE = RollyPollyTests/Info.plist;
				LD_RUNPATH_SEARCH_PATHS = (
					"$(inherited)",
					"@executable_path/Frameworks",
					"@loader_path/Frameworks",
				);
				PRODUCT_BUNDLE_IDENTIFIER = com.danielmiller.RollyPollyTests;
				PRODUCT_NAME = "$(TARGET_NAME)";
				SWIFT_VERSION = 4.2;
				TARGETED_DEVICE_FAMILY = "1,2";
				TEST_HOST = "$(BUILT_PRODUCTS_DIR)/RollyPolly.app/RollyPolly";
			};
			name = Release;
		};
		6592297822E6C1A8008B4F14 /* Debug */ = {
			isa = XCBuildConfiguration;
			baseConfigurationReference = 888092DC6CE9BE91638EEFC9 /* Pods-RollyPollyUITests.debug.xcconfig */;
			buildSettings = {
				ALWAYS_EMBED_SWIFT_STANDARD_LIBRARIES = YES;
				CODE_SIGN_STYLE = Automatic;
				INFOPLIST_FILE = RollyPollyUITests/Info.plist;
				LD_RUNPATH_SEARCH_PATHS = (
					"$(inherited)",
					"@executable_path/Frameworks",
					"@loader_path/Frameworks",
				);
				PRODUCT_BUNDLE_IDENTIFIER = com.danielmiller.RollyPollyUITests;
				PRODUCT_NAME = "$(TARGET_NAME)";
				SWIFT_VERSION = 4.2;
				TARGETED_DEVICE_FAMILY = "1,2";
				TEST_TARGET_NAME = RollyPolly;
			};
			name = Debug;
		};
		6592297922E6C1A8008B4F14 /* Release */ = {
			isa = XCBuildConfiguration;
			baseConfigurationReference = 9BC4D16867A99D87D62C6ABB /* Pods-RollyPollyUITests.release.xcconfig */;
			buildSettings = {
				ALWAYS_EMBED_SWIFT_STANDARD_LIBRARIES = YES;
				CODE_SIGN_STYLE = Automatic;
				INFOPLIST_FILE = RollyPollyUITests/Info.plist;
				LD_RUNPATH_SEARCH_PATHS = (
					"$(inherited)",
					"@executable_path/Frameworks",
					"@loader_path/Frameworks",
				);
				PRODUCT_BUNDLE_IDENTIFIER = com.danielmiller.RollyPollyUITests;
				PRODUCT_NAME = "$(TARGET_NAME)";
				SWIFT_VERSION = 4.2;
				TARGETED_DEVICE_FAMILY = "1,2";
				TEST_TARGET_NAME = RollyPolly;
			};
			name = Release;
		};
/* End XCBuildConfiguration section */

/* Begin XCConfigurationList section */
		6592294422E6C1A6008B4F14 /* Build configuration list for PBXProject "RollyPolly" */ = {
			isa = XCConfigurationList;
			buildConfigurations = (
				6592296F22E6C1A8008B4F14 /* Debug */,
				6592297022E6C1A8008B4F14 /* Release */,
			);
			defaultConfigurationIsVisible = 0;
			defaultConfigurationName = Release;
		};
		6592297122E6C1A8008B4F14 /* Build configuration list for PBXNativeTarget "RollyPolly" */ = {
			isa = XCConfigurationList;
			buildConfigurations = (
				6592297222E6C1A8008B4F14 /* Debug */,
				6592297322E6C1A8008B4F14 /* Release */,
			);
			defaultConfigurationIsVisible = 0;
			defaultConfigurationName = Release;
		};
		6592297422E6C1A8008B4F14 /* Build configuration list for PBXNativeTarget "RollyPollyTests" */ = {
			isa = XCConfigurationList;
			buildConfigurations = (
				6592297522E6C1A8008B4F14 /* Debug */,
				6592297622E6C1A8008B4F14 /* Release */,
			);
			defaultConfigurationIsVisible = 0;
			defaultConfigurationName = Release;
		};
		6592297722E6C1A8008B4F14 /* Build configuration list for PBXNativeTarget "RollyPollyUITests" */ = {
			isa = XCConfigurationList;
			buildConfigurations = (
				6592297822E6C1A8008B4F14 /* Debug */,
				6592297922E6C1A8008B4F14 /* Release */,
			);
			defaultConfigurationIsVisible = 0;
			defaultConfigurationName = Release;
		};
/* End XCConfigurationList section */
	};
	rootObject = 6592294122E6C1A6008B4F14 /* Project object */;
}
